// !$*UTF8*$!
{
	archiveVersion = 1;
	classes = {
	};
	objectVersion = 46;
	objects = {

/* Begin PBXBuildFile section */
		AE32380C1B4C48F4007A814E /* AdSupport.framework in Frameworks */ = {isa = PBXBuildFile; fileRef = AE32380B1B4C48F4007A814E /* AdSupport.framework */; };
		AE32380E1B4C48FB007A814E /* AudioToolbox.framework in Frameworks */ = {isa = PBXBuildFile; fileRef = AE32380D1B4C48FB007A814E /* AudioToolbox.framework */; };
		AE3238101B4C4900007A814E /* AVFoundation.framework in Frameworks */ = {isa = PBXBuildFile; fileRef = AE32380F1B4C4900007A814E /* AVFoundation.framework */; };
		AE3238121B4C4906007A814E /* CoreGraphics.framework in Frameworks */ = {isa = PBXBuildFile; fileRef = AE3238111B4C4906007A814E /* CoreGraphics.framework */; };
		AE3238141B4C490C007A814E /* CoreTelephony.framework in Frameworks */ = {isa = PBXBuildFile; fileRef = AE3238131B4C490C007A814E /* CoreTelephony.framework */; };
		AE3238161B4C4912007A814E /* EventKit.framework in Frameworks */ = {isa = PBXBuildFile; fileRef = AE3238151B4C4912007A814E /* EventKit.framework */; };
		AE3238181B4C4917007A814E /* EventKitUI.framework in Frameworks */ = {isa = PBXBuildFile; fileRef = AE3238171B4C4917007A814E /* EventKitUI.framework */; };
		AE32381A1B4C491C007A814E /* MessageUI.framework in Frameworks */ = {isa = PBXBuildFile; fileRef = AE3238191B4C491C007A814E /* MessageUI.framework */; };
		AE32381E1B4C4929007A814E /* SystemConfiguration.framework in Frameworks */ = {isa = PBXBuildFile; fileRef = AE32381D1B4C4929007A814E /* SystemConfiguration.framework */; };
		AE7E0E9A1B5BFA4E00742CC3 /* libsqlite3.0.dylib in Frameworks */ = {isa = PBXBuildFile; fileRef = AED244AD1B52946A000830C4 /* libsqlite3.0.dylib */; };
		AE7E0E9D1B5BFE2D00742CC3 /* libz.dylib in Frameworks */ = {isa = PBXBuildFile; fileRef = AE7E0E9C1B5BFE2D00742CC3 /* libz.dylib */; };
		AE7E0EA01B5C92E700742CC3 /* GoogleMobileAds.framework in Frameworks */ = {isa = PBXBuildFile; fileRef = AE7E0E9F1B5C92E700742CC3 /* GoogleMobileAds.framework */; };
		AE7E0EBD1B5C94EB00742CC3 /* libAdIdAccess.a in Frameworks */ = {isa = PBXBuildFile; fileRef = AE7E0EBB1B5C94EB00742CC3 /* libAdIdAccess.a */; };
		AE7E0EBE1B5C94EB00742CC3 /* libGoogleAnalyticsServices.a in Frameworks */ = {isa = PBXBuildFile; fileRef = AE7E0EBC1B5C94EB00742CC3 /* libGoogleAnalyticsServices.a */; };
		AEA2DD461B5AAB5A0041738C /* Alamofire.swift in Sources */ = {isa = PBXBuildFile; fileRef = AEA2DD3C1B5AAB5A0041738C /* Alamofire.swift */; };
		AEA2DD471B5AAB5A0041738C /* Download.swift in Sources */ = {isa = PBXBuildFile; fileRef = AEA2DD3D1B5AAB5A0041738C /* Download.swift */; };
		AEA2DD481B5AAB5A0041738C /* Info.plist in Resources */ = {isa = PBXBuildFile; fileRef = AEA2DD3E1B5AAB5A0041738C /* Info.plist */; };
		AEA2DD491B5AAB5A0041738C /* Manager.swift in Sources */ = {isa = PBXBuildFile; fileRef = AEA2DD3F1B5AAB5A0041738C /* Manager.swift */; };
		AEA2DD4A1B5AAB5A0041738C /* MultipartFormData.swift in Sources */ = {isa = PBXBuildFile; fileRef = AEA2DD401B5AAB5A0041738C /* MultipartFormData.swift */; };
		AEA2DD4B1B5AAB5A0041738C /* ParameterEncoding.swift in Sources */ = {isa = PBXBuildFile; fileRef = AEA2DD411B5AAB5A0041738C /* ParameterEncoding.swift */; };
		AEA2DD4C1B5AAB5A0041738C /* Request.swift in Sources */ = {isa = PBXBuildFile; fileRef = AEA2DD421B5AAB5A0041738C /* Request.swift */; };
		AEA2DD4D1B5AAB5A0041738C /* ResponseSerialization.swift in Sources */ = {isa = PBXBuildFile; fileRef = AEA2DD431B5AAB5A0041738C /* ResponseSerialization.swift */; };
		AEA2DD4E1B5AAB5A0041738C /* Upload.swift in Sources */ = {isa = PBXBuildFile; fileRef = AEA2DD441B5AAB5A0041738C /* Upload.swift */; };
		AEA2DD4F1B5AAB5A0041738C /* Validation.swift in Sources */ = {isa = PBXBuildFile; fileRef = AEA2DD451B5AAB5A0041738C /* Validation.swift */; };
		AEAF1E011B3504780035AD28 /* AppDelegate.swift in Sources */ = {isa = PBXBuildFile; fileRef = AEAF1E001B3504780035AD28 /* AppDelegate.swift */; };
		AEAF1E0A1B35047A0035AD28 /* Images.xcassets in Resources */ = {isa = PBXBuildFile; fileRef = AEAF1E091B35047A0035AD28 /* Images.xcassets */; };
		AEAF1E0D1B35047A0035AD28 /* LaunchScreen.xib in Resources */ = {isa = PBXBuildFile; fileRef = AEAF1E0B1B35047A0035AD28 /* LaunchScreen.xib */; };
		AEAF1E191B35047E0035AD28 /* Checktrend3Tests.swift in Sources */ = {isa = PBXBuildFile; fileRef = AEAF1E181B35047E0035AD28 /* Checktrend3Tests.swift */; };
		AEAF1E231B350FDB0035AD28 /* MainTabBarController.swift in Sources */ = {isa = PBXBuildFile; fileRef = AEAF1E221B350FDB0035AD28 /* MainTabBarController.swift */; };
		AEAF1E5D1B36F18D0035AD28 /* TabViewController1.swift in Sources */ = {isa = PBXBuildFile; fileRef = AEAF1E5C1B36F18D0035AD28 /* TabViewController1.swift */; };
		AEAF1E5F1B36F8A40035AD28 /* TabViewControllerBase.swift in Sources */ = {isa = PBXBuildFile; fileRef = AEAF1E5E1B36F8A40035AD28 /* TabViewControllerBase.swift */; };
		AEC759761B5ABDFD00CFE740 /* Info-iOS.plist in Resources */ = {isa = PBXBuildFile; fileRef = AEC759721B5ABDFD00CFE740 /* Info-iOS.plist */; };
		AEC759771B5ABDFD00CFE740 /* Info-OSX.plist in Resources */ = {isa = PBXBuildFile; fileRef = AEC759731B5ABDFD00CFE740 /* Info-OSX.plist */; };
		AEC759781B5ABDFD00CFE740 /* SwiftyJSON.swift in Sources */ = {isa = PBXBuildFile; fileRef = AEC759751B5ABDFD00CFE740 /* SwiftyJSON.swift */; };
		AED244AC1B529464000830C4 /* CoreData.framework in Frameworks */ = {isa = PBXBuildFile; fileRef = AED244AB1B529464000830C4 /* CoreData.framework */; };
		AED244BF1B529D53000830C4 /* GoogleService-Info.plist in Resources */ = {isa = PBXBuildFile; fileRef = AED244BE1B529D53000830C4 /* GoogleService-Info.plist */; };
		AED244D21B5412C5000830C4 /* SVIndefiniteAnimatedView.m in Sources */ = {isa = PBXBuildFile; fileRef = AED244CD1B5412C5000830C4 /* SVIndefiniteAnimatedView.m */; };
		AED244D31B5412C5000830C4 /* SVProgressHUD.bundle in Resources */ = {isa = PBXBuildFile; fileRef = AED244CF1B5412C5000830C4 /* SVProgressHUD.bundle */; };
		AED244D41B5412C5000830C4 /* SVProgressHUD.m in Sources */ = {isa = PBXBuildFile; fileRef = AED244D11B5412C5000830C4 /* SVProgressHUD.m */; };
		AED244D61B54132D000830C4 /* QuartzCore.framework in Frameworks */ = {isa = PBXBuildFile; fileRef = AED244D51B54132D000830C4 /* QuartzCore.framework */; };
		AED244DA1B55588F000830C4 /* Share.png in Resources */ = {isa = PBXBuildFile; fileRef = AED244D91B55588F000830C4 /* Share.png */; };
		AEE415101B46E1F900C9AB0E /* TabViewController2.swift in Sources */ = {isa = PBXBuildFile; fileRef = AEE4150F1B46E1F900C9AB0E /* TabViewController2.swift */; };
		AEE415291B4818A300C9AB0E /* Default-568h@2x.png in Resources */ = {isa = PBXBuildFile; fileRef = AEE415121B4818A300C9AB0E /* Default-568h@2x.png */; };
		AEE4152A1B4818A300C9AB0E /* Default.png in Resources */ = {isa = PBXBuildFile; fileRef = AEE415131B4818A300C9AB0E /* Default.png */; };
		AEE4152B1B4818A300C9AB0E /* Default@2x.png in Resources */ = {isa = PBXBuildFile; fileRef = AEE415141B4818A300C9AB0E /* Default@2x.png */; };
		AEE4152C1B4818A300C9AB0E /* Icon-72.png in Resources */ = {isa = PBXBuildFile; fileRef = AEE415151B4818A300C9AB0E /* Icon-72.png */; };
		AEE4152D1B4818A300C9AB0E /* Icon-72@2x.png in Resources */ = {isa = PBXBuildFile; fileRef = AEE415161B4818A300C9AB0E /* Icon-72@2x.png */; };
		AEE4152E1B4818A300C9AB0E /* Icon-Small-50.png in Resources */ = {isa = PBXBuildFile; fileRef = AEE415171B4818A300C9AB0E /* Icon-Small-50.png */; };
		AEE4152F1B4818A300C9AB0E /* Icon-Small-50@2x.png in Resources */ = {isa = PBXBuildFile; fileRef = AEE415181B4818A300C9AB0E /* Icon-Small-50@2x.png */; };
		AEE415301B4818A300C9AB0E /* Icon-Small.png in Resources */ = {isa = PBXBuildFile; fileRef = AEE415191B4818A300C9AB0E /* Icon-Small.png */; };
		AEE415311B4818A300C9AB0E /* Icon-Small@2x.png in Resources */ = {isa = PBXBuildFile; fileRef = AEE4151A1B4818A300C9AB0E /* Icon-Small@2x.png */; };
		AEE415321B4818A300C9AB0E /* Icon.png in Resources */ = {isa = PBXBuildFile; fileRef = AEE4151B1B4818A300C9AB0E /* Icon.png */; };
		AEE415331B4818A300C9AB0E /* Icon@2x.png in Resources */ = {isa = PBXBuildFile; fileRef = AEE4151C1B4818A300C9AB0E /* Icon@2x.png */; };
		AEE415341B4818A300C9AB0E /* icon_A.png in Resources */ = {isa = PBXBuildFile; fileRef = AEE4151D1B4818A300C9AB0E /* icon_A.png */; };
		AEE415351B4818A300C9AB0E /* icon_A@2x.png in Resources */ = {isa = PBXBuildFile; fileRef = AEE4151E1B4818A300C9AB0E /* icon_A@2x.png */; };
		AEE415361B4818A300C9AB0E /* icon_G.png in Resources */ = {isa = PBXBuildFile; fileRef = AEE4151F1B4818A300C9AB0E /* icon_G.png */; };
		AEE415371B4818A300C9AB0E /* icon_G@2x.png in Resources */ = {isa = PBXBuildFile; fileRef = AEE415201B4818A300C9AB0E /* icon_G@2x.png */; };
		AEE415381B4818A300C9AB0E /* icon_M.png in Resources */ = {isa = PBXBuildFile; fileRef = AEE415211B4818A300C9AB0E /* icon_M.png */; };
		AEE415391B4818A300C9AB0E /* icon_M@2x.png in Resources */ = {isa = PBXBuildFile; fileRef = AEE415221B4818A300C9AB0E /* icon_M@2x.png */; };
		AEE4153A1B4818A300C9AB0E /* icon_t.png in Resources */ = {isa = PBXBuildFile; fileRef = AEE415231B4818A300C9AB0E /* icon_t.png */; };
		AEE4153B1B4818A300C9AB0E /* icon_t@2x.png in Resources */ = {isa = PBXBuildFile; fileRef = AEE415241B4818A300C9AB0E /* icon_t@2x.png */; };
		AEE4153C1B4818A300C9AB0E /* icon_Y.png in Resources */ = {isa = PBXBuildFile; fileRef = AEE415251B4818A300C9AB0E /* icon_Y.png */; };
		AEE4153D1B4818A300C9AB0E /* icon_Y@2x.png in Resources */ = {isa = PBXBuildFile; fileRef = AEE415261B4818A300C9AB0E /* icon_Y@2x.png */; };
		AEE4153E1B4818A300C9AB0E /* rotation_32.png in Resources */ = {isa = PBXBuildFile; fileRef = AEE415271B4818A300C9AB0E /* rotation_32.png */; };
		AEE4153F1B4818A300C9AB0E /* rotation_48.png in Resources */ = {isa = PBXBuildFile; fileRef = AEE415281B4818A300C9AB0E /* rotation_48.png */; };
		AEE415411B48386F00C9AB0E /* info.png in Resources */ = {isa = PBXBuildFile; fileRef = AEE415401B48386E00C9AB0E /* info.png */; };
		AEE415451B48B8C000C9AB0E /* Localizable.strings in Resources */ = {isa = PBXBuildFile; fileRef = AEE415471B48B8C000C9AB0E /* Localizable.strings */; };
		AEE4154C1B49593B00C9AB0E /* TabViewController3.swift in Sources */ = {isa = PBXBuildFile; fileRef = AEE4154B1B49593B00C9AB0E /* TabViewController3.swift */; };
		AEE4154E1B49595000C9AB0E /* TabViewController4.swift in Sources */ = {isa = PBXBuildFile; fileRef = AEE4154D1B49595000C9AB0E /* TabViewController4.swift */; };
		AEF62C521B3FAF76000BB1DC /* WebViewController.swift in Sources */ = {isa = PBXBuildFile; fileRef = AEF62C511B3FAF76000BB1DC /* WebViewController.swift */; };
/* End PBXBuildFile section */

/* Begin PBXContainerItemProxy section */
		AEAF1E131B35047C0035AD28 /* PBXContainerItemProxy */ = {
			isa = PBXContainerItemProxy;
			containerPortal = AEAF1DF31B3504760035AD28 /* Project object */;
			proxyType = 1;
			remoteGlobalIDString = AEAF1DFA1B3504760035AD28;
			remoteInfo = Checktrend3;
		};
/* End PBXContainerItemProxy section */

/* Begin PBXFileReference section */
		AE32380B1B4C48F4007A814E /* AdSupport.framework */ = {isa = PBXFileReference; lastKnownFileType = wrapper.framework; name = AdSupport.framework; path = System/Library/Frameworks/AdSupport.framework; sourceTree = SDKROOT; };
		AE32380D1B4C48FB007A814E /* AudioToolbox.framework */ = {isa = PBXFileReference; lastKnownFileType = wrapper.framework; name = AudioToolbox.framework; path = System/Library/Frameworks/AudioToolbox.framework; sourceTree = SDKROOT; };
		AE32380F1B4C4900007A814E /* AVFoundation.framework */ = {isa = PBXFileReference; lastKnownFileType = wrapper.framework; name = AVFoundation.framework; path = System/Library/Frameworks/AVFoundation.framework; sourceTree = SDKROOT; };
		AE3238111B4C4906007A814E /* CoreGraphics.framework */ = {isa = PBXFileReference; lastKnownFileType = wrapper.framework; name = CoreGraphics.framework; path = System/Library/Frameworks/CoreGraphics.framework; sourceTree = SDKROOT; };
		AE3238131B4C490C007A814E /* CoreTelephony.framework */ = {isa = PBXFileReference; lastKnownFileType = wrapper.framework; name = CoreTelephony.framework; path = System/Library/Frameworks/CoreTelephony.framework; sourceTree = SDKROOT; };
		AE3238151B4C4912007A814E /* EventKit.framework */ = {isa = PBXFileReference; lastKnownFileType = wrapper.framework; name = EventKit.framework; path = System/Library/Frameworks/EventKit.framework; sourceTree = SDKROOT; };
		AE3238171B4C4917007A814E /* EventKitUI.framework */ = {isa = PBXFileReference; lastKnownFileType = wrapper.framework; name = EventKitUI.framework; path = System/Library/Frameworks/EventKitUI.framework; sourceTree = SDKROOT; };
		AE3238191B4C491C007A814E /* MessageUI.framework */ = {isa = PBXFileReference; lastKnownFileType = wrapper.framework; name = MessageUI.framework; path = System/Library/Frameworks/MessageUI.framework; sourceTree = SDKROOT; };
		AE32381D1B4C4929007A814E /* SystemConfiguration.framework */ = {isa = PBXFileReference; lastKnownFileType = wrapper.framework; name = SystemConfiguration.framework; path = System/Library/Frameworks/SystemConfiguration.framework; sourceTree = SDKROOT; };
		AE7E0E9C1B5BFE2D00742CC3 /* libz.dylib */ = {isa = PBXFileReference; lastKnownFileType = "compiled.mach-o.dylib"; name = libz.dylib; path = usr/lib/libz.dylib; sourceTree = SDKROOT; };
		AE7E0E9F1B5C92E700742CC3 /* GoogleMobileAds.framework */ = {isa = PBXFileReference; lastKnownFileType = wrapper.framework; name = GoogleMobileAds.framework; path = Checktrend3/AdMob/GoogleMobileAds.framework; sourceTree = "<group>"; };
		AE7E0EB11B5C94EB00742CC3 /* GAI.h */ = {isa = PBXFileReference; fileEncoding = 4; lastKnownFileType = sourcecode.c.h; path = GAI.h; sourceTree = "<group>"; };
		AE7E0EB21B5C94EB00742CC3 /* GAIDictionaryBuilder.h */ = {isa = PBXFileReference; fileEncoding = 4; lastKnownFileType = sourcecode.c.h; path = GAIDictionaryBuilder.h; sourceTree = "<group>"; };
		AE7E0EB31B5C94EB00742CC3 /* GAIEcommerceFields.h */ = {isa = PBXFileReference; fileEncoding = 4; lastKnownFileType = sourcecode.c.h; path = GAIEcommerceFields.h; sourceTree = "<group>"; };
		AE7E0EB41B5C94EB00742CC3 /* GAIEcommerceProduct.h */ = {isa = PBXFileReference; fileEncoding = 4; lastKnownFileType = sourcecode.c.h; path = GAIEcommerceProduct.h; sourceTree = "<group>"; };
		AE7E0EB51B5C94EB00742CC3 /* GAIEcommerceProductAction.h */ = {isa = PBXFileReference; fileEncoding = 4; lastKnownFileType = sourcecode.c.h; path = GAIEcommerceProductAction.h; sourceTree = "<group>"; };
		AE7E0EB61B5C94EB00742CC3 /* GAIEcommercePromotion.h */ = {isa = PBXFileReference; fileEncoding = 4; lastKnownFileType = sourcecode.c.h; path = GAIEcommercePromotion.h; sourceTree = "<group>"; };
		AE7E0EB71B5C94EB00742CC3 /* GAIFields.h */ = {isa = PBXFileReference; fileEncoding = 4; lastKnownFileType = sourcecode.c.h; path = GAIFields.h; sourceTree = "<group>"; };
		AE7E0EB81B5C94EB00742CC3 /* GAILogger.h */ = {isa = PBXFileReference; fileEncoding = 4; lastKnownFileType = sourcecode.c.h; path = GAILogger.h; sourceTree = "<group>"; };
		AE7E0EB91B5C94EB00742CC3 /* GAITrackedViewController.h */ = {isa = PBXFileReference; fileEncoding = 4; lastKnownFileType = sourcecode.c.h; path = GAITrackedViewController.h; sourceTree = "<group>"; };
		AE7E0EBA1B5C94EB00742CC3 /* GAITracker.h */ = {isa = PBXFileReference; fileEncoding = 4; lastKnownFileType = sourcecode.c.h; path = GAITracker.h; sourceTree = "<group>"; };
		AE7E0EBB1B5C94EB00742CC3 /* libAdIdAccess.a */ = {isa = PBXFileReference; lastKnownFileType = archive.ar; name = libAdIdAccess.a; path = Checktrend3/GoogleAnalytics/libAdIdAccess.a; sourceTree = "<group>"; };
		AE7E0EBC1B5C94EB00742CC3 /* libGoogleAnalyticsServices.a */ = {isa = PBXFileReference; lastKnownFileType = archive.ar; name = libGoogleAnalyticsServices.a; path = Checktrend3/GoogleAnalytics/libGoogleAnalyticsServices.a; sourceTree = "<group>"; };
		AEA2DD341B5AA77F0041738C /* Checktrend3.app */ = {isa = PBXFileReference; explicitFileType = wrapper.application; includeInIndex = 0; path = Checktrend3.app; sourceTree = BUILT_PRODUCTS_DIR; };
		AEA2DD361B5AAA150041738C /* Checktrend3Tests.xctest */ = {isa = PBXFileReference; explicitFileType = wrapper.cfbundle; includeInIndex = 0; path = Checktrend3Tests.xctest; sourceTree = BUILT_PRODUCTS_DIR; };
		AEA2DD3B1B5AAB5A0041738C /* Alamofire.h */ = {isa = PBXFileReference; fileEncoding = 4; lastKnownFileType = sourcecode.c.h; path = Alamofire.h; sourceTree = "<group>"; };
		AEA2DD3C1B5AAB5A0041738C /* Alamofire.swift */ = {isa = PBXFileReference; fileEncoding = 4; lastKnownFileType = sourcecode.swift; path = Alamofire.swift; sourceTree = "<group>"; };
		AEA2DD3D1B5AAB5A0041738C /* Download.swift */ = {isa = PBXFileReference; fileEncoding = 4; lastKnownFileType = sourcecode.swift; path = Download.swift; sourceTree = "<group>"; };
		AEA2DD3E1B5AAB5A0041738C /* Info.plist */ = {isa = PBXFileReference; fileEncoding = 4; lastKnownFileType = text.plist.xml; path = Info.plist; sourceTree = "<group>"; };
		AEA2DD3F1B5AAB5A0041738C /* Manager.swift */ = {isa = PBXFileReference; fileEncoding = 4; lastKnownFileType = sourcecode.swift; path = Manager.swift; sourceTree = "<group>"; };
		AEA2DD401B5AAB5A0041738C /* MultipartFormData.swift */ = {isa = PBXFileReference; fileEncoding = 4; lastKnownFileType = sourcecode.swift; path = MultipartFormData.swift; sourceTree = "<group>"; };
		AEA2DD411B5AAB5A0041738C /* ParameterEncoding.swift */ = {isa = PBXFileReference; fileEncoding = 4; lastKnownFileType = sourcecode.swift; path = ParameterEncoding.swift; sourceTree = "<group>"; };
		AEA2DD421B5AAB5A0041738C /* Request.swift */ = {isa = PBXFileReference; fileEncoding = 4; lastKnownFileType = sourcecode.swift; path = Request.swift; sourceTree = "<group>"; };
		AEA2DD431B5AAB5A0041738C /* ResponseSerialization.swift */ = {isa = PBXFileReference; fileEncoding = 4; lastKnownFileType = sourcecode.swift; path = ResponseSerialization.swift; sourceTree = "<group>"; };
		AEA2DD441B5AAB5A0041738C /* Upload.swift */ = {isa = PBXFileReference; fileEncoding = 4; lastKnownFileType = sourcecode.swift; path = Upload.swift; sourceTree = "<group>"; };
		AEA2DD451B5AAB5A0041738C /* Validation.swift */ = {isa = PBXFileReference; fileEncoding = 4; lastKnownFileType = sourcecode.swift; path = Validation.swift; sourceTree = "<group>"; };
		AEAF1DFF1B3504780035AD28 /* Info.plist */ = {isa = PBXFileReference; lastKnownFileType = text.plist.xml; path = Info.plist; sourceTree = "<group>"; };
		AEAF1E001B3504780035AD28 /* AppDelegate.swift */ = {isa = PBXFileReference; lastKnownFileType = sourcecode.swift; path = AppDelegate.swift; sourceTree = "<group>"; };
		AEAF1E091B35047A0035AD28 /* Images.xcassets */ = {isa = PBXFileReference; lastKnownFileType = folder.assetcatalog; path = Images.xcassets; sourceTree = "<group>"; };
		AEAF1E0C1B35047A0035AD28 /* Base */ = {isa = PBXFileReference; lastKnownFileType = file.xib; name = Base; path = Base.lproj/LaunchScreen.xib; sourceTree = "<group>"; };
		AEAF1E171B35047D0035AD28 /* Info.plist */ = {isa = PBXFileReference; lastKnownFileType = text.plist.xml; path = Info.plist; sourceTree = "<group>"; };
		AEAF1E181B35047E0035AD28 /* Checktrend3Tests.swift */ = {isa = PBXFileReference; lastKnownFileType = sourcecode.swift; path = Checktrend3Tests.swift; sourceTree = "<group>"; };
		AEAF1E221B350FDB0035AD28 /* MainTabBarController.swift */ = {isa = PBXFileReference; fileEncoding = 4; lastKnownFileType = sourcecode.swift; path = MainTabBarController.swift; sourceTree = "<group>"; };
		AEAF1E5C1B36F18D0035AD28 /* TabViewController1.swift */ = {isa = PBXFileReference; fileEncoding = 4; lastKnownFileType = sourcecode.swift; path = TabViewController1.swift; sourceTree = "<group>"; };
		AEAF1E5E1B36F8A40035AD28 /* TabViewControllerBase.swift */ = {isa = PBXFileReference; fileEncoding = 4; lastKnownFileType = sourcecode.swift; path = TabViewControllerBase.swift; sourceTree = "<group>"; };
		AEC759721B5ABDFD00CFE740 /* Info-iOS.plist */ = {isa = PBXFileReference; fileEncoding = 4; lastKnownFileType = text.plist.xml; path = "Info-iOS.plist"; sourceTree = "<group>"; };
		AEC759731B5ABDFD00CFE740 /* Info-OSX.plist */ = {isa = PBXFileReference; fileEncoding = 4; lastKnownFileType = text.plist.xml; path = "Info-OSX.plist"; sourceTree = "<group>"; };
		AEC759741B5ABDFD00CFE740 /* SwiftyJSON.h */ = {isa = PBXFileReference; fileEncoding = 4; lastKnownFileType = sourcecode.c.h; path = SwiftyJSON.h; sourceTree = "<group>"; };
		AEC759751B5ABDFD00CFE740 /* SwiftyJSON.swift */ = {isa = PBXFileReference; fileEncoding = 4; lastKnownFileType = sourcecode.swift; path = SwiftyJSON.swift; sourceTree = "<group>"; };
		AED244AB1B529464000830C4 /* CoreData.framework */ = {isa = PBXFileReference; lastKnownFileType = wrapper.framework; name = CoreData.framework; path = System/Library/Frameworks/CoreData.framework; sourceTree = SDKROOT; };
		AED244AD1B52946A000830C4 /* libsqlite3.0.dylib */ = {isa = PBXFileReference; lastKnownFileType = "compiled.mach-o.dylib"; name = libsqlite3.0.dylib; path = usr/lib/libsqlite3.0.dylib; sourceTree = SDKROOT; };
		AED244BB1B529686000830C4 /* Checktrend3-Bridging-Header.h */ = {isa = PBXFileReference; lastKnownFileType = sourcecode.c.h; path = "Checktrend3-Bridging-Header.h"; sourceTree = "<group>"; };
		AED244BE1B529D53000830C4 /* GoogleService-Info.plist */ = {isa = PBXFileReference; fileEncoding = 4; lastKnownFileType = text.plist.xml; path = "GoogleService-Info.plist"; sourceTree = "<group>"; };
		AED244CC1B5412C5000830C4 /* SVIndefiniteAnimatedView.h */ = {isa = PBXFileReference; fileEncoding = 4; lastKnownFileType = sourcecode.c.h; path = SVIndefiniteAnimatedView.h; sourceTree = "<group>"; };
		AED244CD1B5412C5000830C4 /* SVIndefiniteAnimatedView.m */ = {isa = PBXFileReference; fileEncoding = 4; lastKnownFileType = sourcecode.c.objc; path = SVIndefiniteAnimatedView.m; sourceTree = "<group>"; };
		AED244CE1B5412C5000830C4 /* SVProgressHUD-Prefix.pch */ = {isa = PBXFileReference; fileEncoding = 4; lastKnownFileType = sourcecode.c.h; path = "SVProgressHUD-Prefix.pch"; sourceTree = "<group>"; };
		AED244CF1B5412C5000830C4 /* SVProgressHUD.bundle */ = {isa = PBXFileReference; lastKnownFileType = "wrapper.plug-in"; path = SVProgressHUD.bundle; sourceTree = "<group>"; };
		AED244D01B5412C5000830C4 /* SVProgressHUD.h */ = {isa = PBXFileReference; fileEncoding = 4; lastKnownFileType = sourcecode.c.h; path = SVProgressHUD.h; sourceTree = "<group>"; };
		AED244D11B5412C5000830C4 /* SVProgressHUD.m */ = {isa = PBXFileReference; fileEncoding = 4; lastKnownFileType = sourcecode.c.objc; path = SVProgressHUD.m; sourceTree = "<group>"; };
		AED244D51B54132D000830C4 /* QuartzCore.framework */ = {isa = PBXFileReference; lastKnownFileType = wrapper.framework; name = QuartzCore.framework; path = System/Library/Frameworks/QuartzCore.framework; sourceTree = SDKROOT; };
		AED244D91B55588F000830C4 /* Share.png */ = {isa = PBXFileReference; lastKnownFileType = image.png; path = Share.png; sourceTree = "<group>"; };
		AEE4150F1B46E1F900C9AB0E /* TabViewController2.swift */ = {isa = PBXFileReference; fileEncoding = 4; lastKnownFileType = sourcecode.swift; path = TabViewController2.swift; sourceTree = "<group>"; };
		AEE415121B4818A300C9AB0E /* Default-568h@2x.png */ = {isa = PBXFileReference; lastKnownFileType = image.png; path = "Default-568h@2x.png"; sourceTree = "<group>"; };
		AEE415131B4818A300C9AB0E /* Default.png */ = {isa = PBXFileReference; lastKnownFileType = image.png; path = Default.png; sourceTree = "<group>"; };
		AEE415141B4818A300C9AB0E /* Default@2x.png */ = {isa = PBXFileReference; lastKnownFileType = image.png; path = "Default@2x.png"; sourceTree = "<group>"; };
		AEE415151B4818A300C9AB0E /* Icon-72.png */ = {isa = PBXFileReference; lastKnownFileType = image.png; path = "Icon-72.png"; sourceTree = "<group>"; };
		AEE415161B4818A300C9AB0E /* Icon-72@2x.png */ = {isa = PBXFileReference; lastKnownFileType = image.png; path = "Icon-72@2x.png"; sourceTree = "<group>"; };
		AEE415171B4818A300C9AB0E /* Icon-Small-50.png */ = {isa = PBXFileReference; lastKnownFileType = image.png; path = "Icon-Small-50.png"; sourceTree = "<group>"; };
		AEE415181B4818A300C9AB0E /* Icon-Small-50@2x.png */ = {isa = PBXFileReference; lastKnownFileType = image.png; path = "Icon-Small-50@2x.png"; sourceTree = "<group>"; };
		AEE415191B4818A300C9AB0E /* Icon-Small.png */ = {isa = PBXFileReference; lastKnownFileType = image.png; path = "Icon-Small.png"; sourceTree = "<group>"; };
		AEE4151A1B4818A300C9AB0E /* Icon-Small@2x.png */ = {isa = PBXFileReference; lastKnownFileType = image.png; path = "Icon-Small@2x.png"; sourceTree = "<group>"; };
		AEE4151B1B4818A300C9AB0E /* Icon.png */ = {isa = PBXFileReference; lastKnownFileType = image.png; path = Icon.png; sourceTree = "<group>"; };
		AEE4151C1B4818A300C9AB0E /* Icon@2x.png */ = {isa = PBXFileReference; lastKnownFileType = image.png; path = "Icon@2x.png"; sourceTree = "<group>"; };
		AEE4151D1B4818A300C9AB0E /* icon_A.png */ = {isa = PBXFileReference; lastKnownFileType = image.png; path = icon_A.png; sourceTree = "<group>"; };
		AEE4151E1B4818A300C9AB0E /* icon_A@2x.png */ = {isa = PBXFileReference; lastKnownFileType = image.png; path = "icon_A@2x.png"; sourceTree = "<group>"; };
		AEE4151F1B4818A300C9AB0E /* icon_G.png */ = {isa = PBXFileReference; lastKnownFileType = image.png; path = icon_G.png; sourceTree = "<group>"; };
		AEE415201B4818A300C9AB0E /* icon_G@2x.png */ = {isa = PBXFileReference; lastKnownFileType = image.png; path = "icon_G@2x.png"; sourceTree = "<group>"; };
		AEE415211B4818A300C9AB0E /* icon_M.png */ = {isa = PBXFileReference; lastKnownFileType = image.png; path = icon_M.png; sourceTree = "<group>"; };
		AEE415221B4818A300C9AB0E /* icon_M@2x.png */ = {isa = PBXFileReference; lastKnownFileType = image.png; path = "icon_M@2x.png"; sourceTree = "<group>"; };
		AEE415231B4818A300C9AB0E /* icon_t.png */ = {isa = PBXFileReference; lastKnownFileType = image.png; path = icon_t.png; sourceTree = "<group>"; };
		AEE415241B4818A300C9AB0E /* icon_t@2x.png */ = {isa = PBXFileReference; lastKnownFileType = image.png; path = "icon_t@2x.png"; sourceTree = "<group>"; };
		AEE415251B4818A300C9AB0E /* icon_Y.png */ = {isa = PBXFileReference; lastKnownFileType = image.png; path = icon_Y.png; sourceTree = "<group>"; };
		AEE415261B4818A300C9AB0E /* icon_Y@2x.png */ = {isa = PBXFileReference; lastKnownFileType = image.png; path = "icon_Y@2x.png"; sourceTree = "<group>"; };
		AEE415271B4818A300C9AB0E /* rotation_32.png */ = {isa = PBXFileReference; lastKnownFileType = image.png; path = rotation_32.png; sourceTree = "<group>"; };
		AEE415281B4818A300C9AB0E /* rotation_48.png */ = {isa = PBXFileReference; lastKnownFileType = image.png; path = rotation_48.png; sourceTree = "<group>"; };
		AEE415401B48386E00C9AB0E /* info.png */ = {isa = PBXFileReference; lastKnownFileType = image.png; path = info.png; sourceTree = "<group>"; };
		AEE415421B48B80600C9AB0E /* ja */ = {isa = PBXFileReference; lastKnownFileType = text.plist.strings; name = ja; path = ja.lproj/LaunchScreen.strings; sourceTree = "<group>"; };
		AEE415461B48B8C000C9AB0E /* ja */ = {isa = PBXFileReference; lastKnownFileType = text.plist.strings; name = ja; path = ja.lproj/Localizable.strings; sourceTree = "<group>"; };
		AEE415481B48B8C800C9AB0E /* en */ = {isa = PBXFileReference; lastKnownFileType = text.plist.strings; name = en; path = en.lproj/Localizable.strings; sourceTree = "<group>"; };
		AEE4154B1B49593B00C9AB0E /* TabViewController3.swift */ = {isa = PBXFileReference; fileEncoding = 4; lastKnownFileType = sourcecode.swift; path = TabViewController3.swift; sourceTree = "<group>"; };
		AEE4154D1B49595000C9AB0E /* TabViewController4.swift */ = {isa = PBXFileReference; fileEncoding = 4; lastKnownFileType = sourcecode.swift; path = TabViewController4.swift; sourceTree = "<group>"; };
		AEF62C511B3FAF76000BB1DC /* WebViewController.swift */ = {isa = PBXFileReference; fileEncoding = 4; lastKnownFileType = sourcecode.swift; path = WebViewController.swift; sourceTree = "<group>"; };
/* End PBXFileReference section */

/* Begin PBXFrameworksBuildPhase section */
		AEAF1DF81B3504760035AD28 /* Frameworks */ = {
			isa = PBXFrameworksBuildPhase;
			buildActionMask = 2147483647;
			files = (
				AE7E0E9D1B5BFE2D00742CC3 /* libz.dylib in Frameworks */,
				AED244D61B54132D000830C4 /* QuartzCore.framework in Frameworks */,
				AED244AC1B529464000830C4 /* CoreData.framework in Frameworks */,
				AE32381E1B4C4929007A814E /* SystemConfiguration.framework in Frameworks */,
				AE32381A1B4C491C007A814E /* MessageUI.framework in Frameworks */,
				AE3238181B4C4917007A814E /* EventKitUI.framework in Frameworks */,
				AE3238161B4C4912007A814E /* EventKit.framework in Frameworks */,
				AE3238141B4C490C007A814E /* CoreTelephony.framework in Frameworks */,
				AE3238121B4C4906007A814E /* CoreGraphics.framework in Frameworks */,
				AE3238101B4C4900007A814E /* AVFoundation.framework in Frameworks */,
				AE32380E1B4C48FB007A814E /* AudioToolbox.framework in Frameworks */,
				AE32380C1B4C48F4007A814E /* AdSupport.framework in Frameworks */,
				AE7E0EA01B5C92E700742CC3 /* GoogleMobileAds.framework in Frameworks */,
				AE7E0EBD1B5C94EB00742CC3 /* libAdIdAccess.a in Frameworks */,
				AE7E0EBE1B5C94EB00742CC3 /* libGoogleAnalyticsServices.a in Frameworks */,
				AE7E0E9A1B5BFA4E00742CC3 /* libsqlite3.0.dylib in Frameworks */,
			);
			runOnlyForDeploymentPostprocessing = 0;
		};
		AEAF1E0F1B35047C0035AD28 /* Frameworks */ = {
			isa = PBXFrameworksBuildPhase;
			buildActionMask = 2147483647;
			files = (
			);
			runOnlyForDeploymentPostprocessing = 0;
		};
/* End PBXFrameworksBuildPhase section */

/* Begin PBXGroup section */
		1AB138D7A00786E6B0DE44B9 /* Frameworks */ = {
			isa = PBXGroup;
			children = (
				AE7E0E9C1B5BFE2D00742CC3 /* libz.dylib */,
				AE7E0EBB1B5C94EB00742CC3 /* libAdIdAccess.a */,
				AE7E0EBC1B5C94EB00742CC3 /* libGoogleAnalyticsServices.a */,
				AE7E0E9F1B5C92E700742CC3 /* GoogleMobileAds.framework */,
				AED244D51B54132D000830C4 /* QuartzCore.framework */,
				AED244AD1B52946A000830C4 /* libsqlite3.0.dylib */,
				AED244AB1B529464000830C4 /* CoreData.framework */,
				AE32381D1B4C4929007A814E /* SystemConfiguration.framework */,
				AE3238191B4C491C007A814E /* MessageUI.framework */,
				AE3238171B4C4917007A814E /* EventKitUI.framework */,
				AE3238151B4C4912007A814E /* EventKit.framework */,
				AE3238131B4C490C007A814E /* CoreTelephony.framework */,
				AE3238111B4C4906007A814E /* CoreGraphics.framework */,
				AE32380F1B4C4900007A814E /* AVFoundation.framework */,
				AE32380D1B4C48FB007A814E /* AudioToolbox.framework */,
				AE32380B1B4C48F4007A814E /* AdSupport.framework */,
			);
			name = Frameworks;
			sourceTree = "<group>";
		};
		AE7E0E9E1B5C92E700742CC3 /* AdMob */ = {
			isa = PBXGroup;
			children = (
			);
			path = AdMob;
			sourceTree = "<group>";
		};
		AE7E0EB01B5C94EB00742CC3 /* GoogleAnalytics */ = {
			isa = PBXGroup;
			children = (
				AE7E0EB11B5C94EB00742CC3 /* GAI.h */,
				AE7E0EB21B5C94EB00742CC3 /* GAIDictionaryBuilder.h */,
				AE7E0EB31B5C94EB00742CC3 /* GAIEcommerceFields.h */,
				AE7E0EB41B5C94EB00742CC3 /* GAIEcommerceProduct.h */,
				AE7E0EB51B5C94EB00742CC3 /* GAIEcommerceProductAction.h */,
				AE7E0EB61B5C94EB00742CC3 /* GAIEcommercePromotion.h */,
				AE7E0EB71B5C94EB00742CC3 /* GAIFields.h */,
				AE7E0EB81B5C94EB00742CC3 /* GAILogger.h */,
				AE7E0EB91B5C94EB00742CC3 /* GAITrackedViewController.h */,
				AE7E0EBA1B5C94EB00742CC3 /* GAITracker.h */,
			);
			path = GoogleAnalytics;
			sourceTree = "<group>";
		};
		AEA2DD3A1B5AAB5A0041738C /* Alamofire */ = {
			isa = PBXGroup;
			children = (
				AEA2DD3B1B5AAB5A0041738C /* Alamofire.h */,
				AEA2DD3C1B5AAB5A0041738C /* Alamofire.swift */,
				AEA2DD3D1B5AAB5A0041738C /* Download.swift */,
				AEA2DD3E1B5AAB5A0041738C /* Info.plist */,
				AEA2DD3F1B5AAB5A0041738C /* Manager.swift */,
				AEA2DD401B5AAB5A0041738C /* MultipartFormData.swift */,
				AEA2DD411B5AAB5A0041738C /* ParameterEncoding.swift */,
				AEA2DD421B5AAB5A0041738C /* Request.swift */,
				AEA2DD431B5AAB5A0041738C /* ResponseSerialization.swift */,
				AEA2DD441B5AAB5A0041738C /* Upload.swift */,
				AEA2DD451B5AAB5A0041738C /* Validation.swift */,
			);
			path = Alamofire;
			sourceTree = "<group>";
		};
		AEAF1DF21B3504760035AD28 = {
			isa = PBXGroup;
			children = (
				AEAF1DFD1B3504770035AD28 /* Checktrend3 */,
				AEAF1E151B35047C0035AD28 /* Checktrend3Tests */,
				1AB138D7A00786E6B0DE44B9 /* Frameworks */,
				AEA2DD341B5AA77F0041738C /* Checktrend3.app */,
				AEA2DD361B5AAA150041738C /* Checktrend3Tests.xctest */,
			);
			sourceTree = "<group>";
		};
		AEAF1DFD1B3504770035AD28 /* Checktrend3 */ = {
			isa = PBXGroup;
			children = (
				AE7E0EB01B5C94EB00742CC3 /* GoogleAnalytics */,
				AE7E0E9E1B5C92E700742CC3 /* AdMob */,
				AEC759711B5ABDFD00CFE740 /* SwifyJSON */,
				AEA2DD3A1B5AAB5A0041738C /* Alamofire */,
				AED244CB1B5412C5000830C4 /* SVProgressHUD */,
				AEAF1E001B3504780035AD28 /* AppDelegate.swift */,
				AEAF1E221B350FDB0035AD28 /* MainTabBarController.swift */,
				AEAF1E5E1B36F8A40035AD28 /* TabViewControllerBase.swift */,
				AEAF1E5C1B36F18D0035AD28 /* TabViewController1.swift */,
				AEE4150F1B46E1F900C9AB0E /* TabViewController2.swift */,
				AEE4154B1B49593B00C9AB0E /* TabViewController3.swift */,
				AEE4154D1B49595000C9AB0E /* TabViewController4.swift */,
				AEF62C511B3FAF76000BB1DC /* WebViewController.swift */,
				AEAF1E091B35047A0035AD28 /* Images.xcassets */,
				AEAF1E0B1B35047A0035AD28 /* LaunchScreen.xib */,
				AEE415111B4818A300C9AB0E /* Resources */,
				AEAF1DFE1B3504780035AD28 /* Supporting Files */,
				AEE415471B48B8C000C9AB0E /* Localizable.strings */,
				AED244BE1B529D53000830C4 /* GoogleService-Info.plist */,
				AED244BB1B529686000830C4 /* Checktrend3-Bridging-Header.h */,
			);
			path = Checktrend3;
			sourceTree = "<group>";
		};
		AEAF1DFE1B3504780035AD28 /* Supporting Files */ = {
			isa = PBXGroup;
			children = (
				AEAF1DFF1B3504780035AD28 /* Info.plist */,
			);
			name = "Supporting Files";
			sourceTree = "<group>";
		};
		AEAF1E151B35047C0035AD28 /* Checktrend3Tests */ = {
			isa = PBXGroup;
			children = (
				AEAF1E181B35047E0035AD28 /* Checktrend3Tests.swift */,
				AEAF1E161B35047D0035AD28 /* Supporting Files */,
			);
			path = Checktrend3Tests;
			sourceTree = "<group>";
		};
		AEAF1E161B35047D0035AD28 /* Supporting Files */ = {
			isa = PBXGroup;
			children = (
				AEAF1E171B35047D0035AD28 /* Info.plist */,
			);
			name = "Supporting Files";
			sourceTree = "<group>";
		};
		AEC759711B5ABDFD00CFE740 /* SwifyJSON */ = {
			isa = PBXGroup;
			children = (
				AEC759721B5ABDFD00CFE740 /* Info-iOS.plist */,
				AEC759731B5ABDFD00CFE740 /* Info-OSX.plist */,
				AEC759741B5ABDFD00CFE740 /* SwiftyJSON.h */,
				AEC759751B5ABDFD00CFE740 /* SwiftyJSON.swift */,
			);
			path = SwifyJSON;
			sourceTree = "<group>";
		};
		AED244CB1B5412C5000830C4 /* SVProgressHUD */ = {
			isa = PBXGroup;
			children = (
				AED244CC1B5412C5000830C4 /* SVIndefiniteAnimatedView.h */,
				AED244CD1B5412C5000830C4 /* SVIndefiniteAnimatedView.m */,
				AED244CE1B5412C5000830C4 /* SVProgressHUD-Prefix.pch */,
				AED244CF1B5412C5000830C4 /* SVProgressHUD.bundle */,
				AED244D01B5412C5000830C4 /* SVProgressHUD.h */,
				AED244D11B5412C5000830C4 /* SVProgressHUD.m */,
			);
			path = SVProgressHUD;
			sourceTree = "<group>";
		};
		AEE415111B4818A300C9AB0E /* Resources */ = {
			isa = PBXGroup;
			children = (
				AEE415121B4818A300C9AB0E /* Default-568h@2x.png */,
				AEE415131B4818A300C9AB0E /* Default.png */,
				AEE415141B4818A300C9AB0E /* Default@2x.png */,
				AEE415401B48386E00C9AB0E /* info.png */,
				AED244D91B55588F000830C4 /* Share.png */,
				AEE415151B4818A300C9AB0E /* Icon-72.png */,
				AEE415161B4818A300C9AB0E /* Icon-72@2x.png */,
				AEE415171B4818A300C9AB0E /* Icon-Small-50.png */,
				AEE415181B4818A300C9AB0E /* Icon-Small-50@2x.png */,
				AEE415191B4818A300C9AB0E /* Icon-Small.png */,
				AEE4151A1B4818A300C9AB0E /* Icon-Small@2x.png */,
				AEE4151B1B4818A300C9AB0E /* Icon.png */,
				AEE4151C1B4818A300C9AB0E /* Icon@2x.png */,
				AEE4151D1B4818A300C9AB0E /* icon_A.png */,
				AEE4151E1B4818A300C9AB0E /* icon_A@2x.png */,
				AEE4151F1B4818A300C9AB0E /* icon_G.png */,
				AEE415201B4818A300C9AB0E /* icon_G@2x.png */,
				AEE415211B4818A300C9AB0E /* icon_M.png */,
				AEE415221B4818A300C9AB0E /* icon_M@2x.png */,
				AEE415231B4818A300C9AB0E /* icon_t.png */,
				AEE415241B4818A300C9AB0E /* icon_t@2x.png */,
				AEE415251B4818A300C9AB0E /* icon_Y.png */,
				AEE415261B4818A300C9AB0E /* icon_Y@2x.png */,
				AEE415271B4818A300C9AB0E /* rotation_32.png */,
				AEE415281B4818A300C9AB0E /* rotation_48.png */,
			);
			path = Resources;
			sourceTree = "<group>";
		};
/* End PBXGroup section */

/* Begin PBXNativeTarget section */
		AEAF1DFA1B3504760035AD28 /* Checktrend3 */ = {
			isa = PBXNativeTarget;
			buildConfigurationList = AEAF1E1C1B35047E0035AD28 /* Build configuration list for PBXNativeTarget "Checktrend3" */;
			buildPhases = (
				AEAF1DF71B3504760035AD28 /* Sources */,
				AEAF1DF81B3504760035AD28 /* Frameworks */,
				AEAF1DF91B3504760035AD28 /* Resources */,
			);
			buildRules = (
			);
			dependencies = (
			);
			name = Checktrend3;
			productName = Checktrend3;
			productReference = AEA2DD341B5AA77F0041738C /* Checktrend3.app */;
			productType = "com.apple.product-type.application";
		};
		AEAF1E111B35047C0035AD28 /* Checktrend3Tests */ = {
			isa = PBXNativeTarget;
			buildConfigurationList = AEAF1E1F1B35047E0035AD28 /* Build configuration list for PBXNativeTarget "Checktrend3Tests" */;
			buildPhases = (
				AEAF1E0E1B35047C0035AD28 /* Sources */,
				AEAF1E0F1B35047C0035AD28 /* Frameworks */,
				AEAF1E101B35047C0035AD28 /* Resources */,
			);
			buildRules = (
			);
			dependencies = (
				AEAF1E141B35047C0035AD28 /* PBXTargetDependency */,
			);
			name = Checktrend3Tests;
			productName = Checktrend3Tests;
			productReference = AEA2DD361B5AAA150041738C /* Checktrend3Tests.xctest */;
			productType = "com.apple.product-type.bundle.unit-test";
		};
/* End PBXNativeTarget section */

/* Begin PBXProject section */
		AEAF1DF31B3504760035AD28 /* Project object */ = {
			isa = PBXProject;
			attributes = {
				LastUpgradeCheck = 0630;
				ORGANIZATIONNAME = tattyamm;
				TargetAttributes = {
					AEAF1DFA1B3504760035AD28 = {
						CreatedOnToolsVersion = 6.3.2;
						DevelopmentTeam = PCE4C355W9;
						SystemCapabilities = {
							com.apple.InAppPurchase = {
								enabled = 0;
							};
						};
					};
					AEAF1E111B35047C0035AD28 = {
						CreatedOnToolsVersion = 6.3.2;
						TestTargetID = AEAF1DFA1B3504760035AD28;
					};
				};
			};
			buildConfigurationList = AEAF1DF61B3504760035AD28 /* Build configuration list for PBXProject "Checktrend3" */;
			compatibilityVersion = "Xcode 3.2";
			developmentRegion = English;
			hasScannedForEncodings = 0;
			knownRegions = (
				en,
				Base,
			);
			mainGroup = AEAF1DF21B3504760035AD28;
			productRefGroup = AEAF1DF21B3504760035AD28;
			projectDirPath = "";
			projectRoot = "";
			targets = (
				AEAF1DFA1B3504760035AD28 /* Checktrend3 */,
				AEAF1E111B35047C0035AD28 /* Checktrend3Tests */,
			);
		};
/* End PBXProject section */

/* Begin PBXResourcesBuildPhase section */
		AEAF1DF91B3504760035AD28 /* Resources */ = {
			isa = PBXResourcesBuildPhase;
			buildActionMask = 2147483647;
			files = (
				AED244D31B5412C5000830C4 /* SVProgressHUD.bundle in Resources */,
				AEE415381B4818A300C9AB0E /* icon_M.png in Resources */,
				AEC759771B5ABDFD00CFE740 /* Info-OSX.plist in Resources */,
				AEE415321B4818A300C9AB0E /* Icon.png in Resources */,
				AEE4153F1B4818A300C9AB0E /* rotation_48.png in Resources */,
				AEE415391B4818A300C9AB0E /* icon_M@2x.png in Resources */,
				AEE415451B48B8C000C9AB0E /* Localizable.strings in Resources */,
				AEE415331B4818A300C9AB0E /* Icon@2x.png in Resources */,
				AEE4152F1B4818A300C9AB0E /* Icon-Small-50@2x.png in Resources */,
				AEE4152D1B4818A300C9AB0E /* Icon-72@2x.png in Resources */,
				AEAF1E0D1B35047A0035AD28 /* LaunchScreen.xib in Resources */,
				AEAF1E0A1B35047A0035AD28 /* Images.xcassets in Resources */,
				AEE4152B1B4818A300C9AB0E /* Default@2x.png in Resources */,
				AEC759761B5ABDFD00CFE740 /* Info-iOS.plist in Resources */,
				AEE4153A1B4818A300C9AB0E /* icon_t.png in Resources */,
				AEE415411B48386F00C9AB0E /* info.png in Resources */,
				AED244BF1B529D53000830C4 /* GoogleService-Info.plist in Resources */,
				AEE415291B4818A300C9AB0E /* Default-568h@2x.png in Resources */,
				AEE4152E1B4818A300C9AB0E /* Icon-Small-50.png in Resources */,
				AEE4152A1B4818A300C9AB0E /* Default.png in Resources */,
				AEE415301B4818A300C9AB0E /* Icon-Small.png in Resources */,
				AEE4152C1B4818A300C9AB0E /* Icon-72.png in Resources */,
				AEE4153B1B4818A300C9AB0E /* icon_t@2x.png in Resources */,
				AEE4153C1B4818A300C9AB0E /* icon_Y.png in Resources */,
				AEE415361B4818A300C9AB0E /* icon_G.png in Resources */,
				AEE415341B4818A300C9AB0E /* icon_A.png in Resources */,
				AEE4153D1B4818A300C9AB0E /* icon_Y@2x.png in Resources */,
				AEE415371B4818A300C9AB0E /* icon_G@2x.png in Resources */,
				AEE415311B4818A300C9AB0E /* Icon-Small@2x.png in Resources */,
				AEE4153E1B4818A300C9AB0E /* rotation_32.png in Resources */,
				AEE415351B4818A300C9AB0E /* icon_A@2x.png in Resources */,
				AED244DA1B55588F000830C4 /* Share.png in Resources */,
				AEA2DD481B5AAB5A0041738C /* Info.plist in Resources */,
			);
			runOnlyForDeploymentPostprocessing = 0;
		};
		AEAF1E101B35047C0035AD28 /* Resources */ = {
			isa = PBXResourcesBuildPhase;
			buildActionMask = 2147483647;
			files = (
			);
			runOnlyForDeploymentPostprocessing = 0;
		};
/* End PBXResourcesBuildPhase section */

/* Begin PBXSourcesBuildPhase section */
		AEAF1DF71B3504760035AD28 /* Sources */ = {
			isa = PBXSourcesBuildPhase;
			buildActionMask = 2147483647;
			files = (
				AEA2DD4E1B5AAB5A0041738C /* Upload.swift in Sources */,
				AEAF1E5D1B36F18D0035AD28 /* TabViewController1.swift in Sources */,
				AEA2DD4C1B5AAB5A0041738C /* Request.swift in Sources */,
				AEC759781B5ABDFD00CFE740 /* SwiftyJSON.swift in Sources */,
				AEAF1E011B3504780035AD28 /* AppDelegate.swift in Sources */,
				AEA2DD4A1B5AAB5A0041738C /* MultipartFormData.swift in Sources */,
				AED244D21B5412C5000830C4 /* SVIndefiniteAnimatedView.m in Sources */,
				AEE415101B46E1F900C9AB0E /* TabViewController2.swift in Sources */,
				AEAF1E5F1B36F8A40035AD28 /* TabViewControllerBase.swift in Sources */,
				AEE4154C1B49593B00C9AB0E /* TabViewController3.swift in Sources */,
				AEE4154E1B49595000C9AB0E /* TabViewController4.swift in Sources */,
				AEA2DD4D1B5AAB5A0041738C /* ResponseSerialization.swift in Sources */,
				AEA2DD491B5AAB5A0041738C /* Manager.swift in Sources */,
				AED244D41B5412C5000830C4 /* SVProgressHUD.m in Sources */,
				AEA2DD4F1B5AAB5A0041738C /* Validation.swift in Sources */,
				AEA2DD461B5AAB5A0041738C /* Alamofire.swift in Sources */,
				AEA2DD471B5AAB5A0041738C /* Download.swift in Sources */,
				AEA2DD4B1B5AAB5A0041738C /* ParameterEncoding.swift in Sources */,
				AEF62C521B3FAF76000BB1DC /* WebViewController.swift in Sources */,
				AEAF1E231B350FDB0035AD28 /* MainTabBarController.swift in Sources */,
			);
			runOnlyForDeploymentPostprocessing = 0;
		};
		AEAF1E0E1B35047C0035AD28 /* Sources */ = {
			isa = PBXSourcesBuildPhase;
			buildActionMask = 2147483647;
			files = (
				AEAF1E191B35047E0035AD28 /* Checktrend3Tests.swift in Sources */,
			);
			runOnlyForDeploymentPostprocessing = 0;
		};
/* End PBXSourcesBuildPhase section */

/* Begin PBXTargetDependency section */
		AEAF1E141B35047C0035AD28 /* PBXTargetDependency */ = {
			isa = PBXTargetDependency;
			target = AEAF1DFA1B3504760035AD28 /* Checktrend3 */;
			targetProxy = AEAF1E131B35047C0035AD28 /* PBXContainerItemProxy */;
		};
/* End PBXTargetDependency section */

/* Begin PBXVariantGroup section */
		AEAF1E0B1B35047A0035AD28 /* LaunchScreen.xib */ = {
			isa = PBXVariantGroup;
			children = (
				AEAF1E0C1B35047A0035AD28 /* Base */,
				AEE415421B48B80600C9AB0E /* ja */,
			);
			name = LaunchScreen.xib;
			sourceTree = "<group>";
		};
		AEE415471B48B8C000C9AB0E /* Localizable.strings */ = {
			isa = PBXVariantGroup;
			children = (
				AEE415461B48B8C000C9AB0E /* ja */,
				AEE415481B48B8C800C9AB0E /* en */,
			);
			name = Localizable.strings;
			sourceTree = "<group>";
		};
/* End PBXVariantGroup section */

/* Begin XCBuildConfiguration section */
		AEAF1E1A1B35047E0035AD28 /* Debug */ = {
			isa = XCBuildConfiguration;
			buildSettings = {
				ALWAYS_SEARCH_USER_PATHS = NO;
				CLANG_CXX_LANGUAGE_STANDARD = "gnu++0x";
				CLANG_CXX_LIBRARY = "libc++";
				CLANG_ENABLE_MODULES = YES;
				CLANG_ENABLE_OBJC_ARC = YES;
				CLANG_WARN_BOOL_CONVERSION = YES;
				CLANG_WARN_CONSTANT_CONVERSION = YES;
				CLANG_WARN_DIRECT_OBJC_ISA_USAGE = YES_ERROR;
				CLANG_WARN_EMPTY_BODY = YES;
				CLANG_WARN_ENUM_CONVERSION = YES;
				CLANG_WARN_INT_CONVERSION = YES;
				CLANG_WARN_OBJC_ROOT_CLASS = YES_ERROR;
				CLANG_WARN_UNREACHABLE_CODE = YES;
				CLANG_WARN__DUPLICATE_METHOD_MATCH = YES;
				"CODE_SIGN_IDENTITY[sdk=iphoneos*]" = "iPhone Developer";
				COPY_PHASE_STRIP = NO;
				DEBUG_INFORMATION_FORMAT = "dwarf-with-dsym";
				ENABLE_STRICT_OBJC_MSGSEND = YES;
				GCC_C_LANGUAGE_STANDARD = gnu99;
				GCC_DYNAMIC_NO_PIC = NO;
				GCC_NO_COMMON_BLOCKS = YES;
				GCC_OPTIMIZATION_LEVEL = 0;
				GCC_PREPROCESSOR_DEFINITIONS = (
					"DEBUG=1",
					"$(inherited)",
				);
				GCC_SYMBOLS_PRIVATE_EXTERN = NO;
				GCC_WARN_64_TO_32_BIT_CONVERSION = YES;
				GCC_WARN_ABOUT_RETURN_TYPE = YES_ERROR;
				GCC_WARN_UNDECLARED_SELECTOR = YES;
				GCC_WARN_UNINITIALIZED_AUTOS = YES_AGGRESSIVE;
				GCC_WARN_UNUSED_FUNCTION = YES;
				GCC_WARN_UNUSED_VARIABLE = YES;
				IPHONEOS_DEPLOYMENT_TARGET = 8.3;
				MTL_ENABLE_DEBUG_INFO = YES;
				ONLY_ACTIVE_ARCH = YES;
				SDKROOT = iphoneos;
				SWIFT_OPTIMIZATION_LEVEL = "-Onone";
			};
			name = Debug;
		};
		AEAF1E1B1B35047E0035AD28 /* Release */ = {
			isa = XCBuildConfiguration;
			buildSettings = {
				ALWAYS_SEARCH_USER_PATHS = NO;
				CLANG_CXX_LANGUAGE_STANDARD = "gnu++0x";
				CLANG_CXX_LIBRARY = "libc++";
				CLANG_ENABLE_MODULES = YES;
				CLANG_ENABLE_OBJC_ARC = YES;
				CLANG_WARN_BOOL_CONVERSION = YES;
				CLANG_WARN_CONSTANT_CONVERSION = YES;
				CLANG_WARN_DIRECT_OBJC_ISA_USAGE = YES_ERROR;
				CLANG_WARN_EMPTY_BODY = YES;
				CLANG_WARN_ENUM_CONVERSION = YES;
				CLANG_WARN_INT_CONVERSION = YES;
				CLANG_WARN_OBJC_ROOT_CLASS = YES_ERROR;
				CLANG_WARN_UNREACHABLE_CODE = YES;
				CLANG_WARN__DUPLICATE_METHOD_MATCH = YES;
				"CODE_SIGN_IDENTITY[sdk=iphoneos*]" = "iPhone Developer";
				COPY_PHASE_STRIP = NO;
				DEBUG_INFORMATION_FORMAT = "dwarf-with-dsym";
				ENABLE_NS_ASSERTIONS = NO;
				ENABLE_STRICT_OBJC_MSGSEND = YES;
				GCC_C_LANGUAGE_STANDARD = gnu99;
				GCC_NO_COMMON_BLOCKS = YES;
				GCC_WARN_64_TO_32_BIT_CONVERSION = YES;
				GCC_WARN_ABOUT_RETURN_TYPE = YES_ERROR;
				GCC_WARN_UNDECLARED_SELECTOR = YES;
				GCC_WARN_UNINITIALIZED_AUTOS = YES_AGGRESSIVE;
				GCC_WARN_UNUSED_FUNCTION = YES;
				GCC_WARN_UNUSED_VARIABLE = YES;
				IPHONEOS_DEPLOYMENT_TARGET = 8.3;
				MTL_ENABLE_DEBUG_INFO = NO;
				SDKROOT = iphoneos;
				VALIDATE_PRODUCT = YES;
			};
			name = Release;
		};
		AEAF1E1D1B35047E0035AD28 /* Debug */ = {
			isa = XCBuildConfiguration;
			buildSettings = {
				ASSETCATALOG_COMPILER_APPICON_NAME = AppIcon;
				ASSETCATALOG_COMPILER_LAUNCHIMAGE_NAME = LaunchImage;
				CLANG_ENABLE_MODULES = YES;
				CODE_SIGN_IDENTITY = "iPhone Developer";
				"CODE_SIGN_IDENTITY[sdk=iphoneos*]" = "iPhone Developer";
				FRAMEWORK_SEARCH_PATHS = (
					"$(inherited)",
					"$(PROJECT_DIR)",
					"$(PROJECT_DIR)/Checktrend3/AdMob",
				);
				INFOPLIST_FILE = Checktrend3/Info.plist;
				IPHONEOS_DEPLOYMENT_TARGET = 7.1;
				LD_RUNPATH_SEARCH_PATHS = "$(inherited) @executable_path/Frameworks";
				LIBRARY_SEARCH_PATHS = (
					"$(inherited)",
					"/Users/Endo/Documents/xcode/#CheckTrend3/library/GoogleAnalyticsServicesiOS_3.12",
					"$(PROJECT_DIR)",
					"$(PROJECT_DIR)/Checktrend3/AdMob",
					"$(PROJECT_DIR)/Checktrend3/GoogleAnalytics",
				);
				PRODUCT_NAME = "$(TARGET_NAME)";
				PROVISIONING_PROFILE = "";
				SWIFT_OBJC_BRIDGING_HEADER = "Checktrend3/Checktrend3-Bridging-Header.h";
				SWIFT_OPTIMIZATION_LEVEL = "-Onone";
			};
			name = Debug;
		};
		AEAF1E1E1B35047E0035AD28 /* Release */ = {
			isa = XCBuildConfiguration;
			buildSettings = {
				ASSETCATALOG_COMPILER_APPICON_NAME = AppIcon;
				ASSETCATALOG_COMPILER_LAUNCHIMAGE_NAME = LaunchImage;
				CLANG_ENABLE_MODULES = YES;
				CODE_SIGN_IDENTITY = "iPhone Developer";
				"CODE_SIGN_IDENTITY[sdk=iphoneos*]" = "iPhone Developer";
				FRAMEWORK_SEARCH_PATHS = (
					"$(inherited)",
					"$(PROJECT_DIR)",
					"$(PROJECT_DIR)/Checktrend3/AdMob",
				);
				INFOPLIST_FILE = Checktrend3/Info.plist;
				IPHONEOS_DEPLOYMENT_TARGET = 7.1;
				LD_RUNPATH_SEARCH_PATHS = "$(inherited) @executable_path/Frameworks";
				LIBRARY_SEARCH_PATHS = (
					"$(inherited)",
					"/Users/Endo/Documents/xcode/#CheckTrend3/library/GoogleAnalyticsServicesiOS_3.12",
					"$(PROJECT_DIR)",
					"$(PROJECT_DIR)/Checktrend3/AdMob",
					"$(PROJECT_DIR)/Checktrend3/GoogleAnalytics",
				);
				PRODUCT_NAME = "$(TARGET_NAME)";
				PROVISIONING_PROFILE = "";
				SWIFT_OBJC_BRIDGING_HEADER = "Checktrend3/Checktrend3-Bridging-Header.h";
			};
			name = Release;
		};
		AEAF1E201B35047E0035AD28 /* Debug */ = {
			isa = XCBuildConfiguration;
			buildSettings = {
				BUNDLE_LOADER = "$(TEST_HOST)";
				FRAMEWORK_SEARCH_PATHS = (
					"$(SDKROOT)/Developer/Library/Frameworks",
					"$(inherited)",
				);
				GCC_PREPROCESSOR_DEFINITIONS = (
					"DEBUG=1",
					"$(inherited)",
				);
				INFOPLIST_FILE = Checktrend3Tests/Info.plist;
				LD_RUNPATH_SEARCH_PATHS = "$(inherited) @executable_path/Frameworks @loader_path/Frameworks";
				PRODUCT_NAME = "$(TARGET_NAME)";
				TEST_HOST = "$(BUILT_PRODUCTS_DIR)/Checktrend3.app/Checktrend3";
			};
			name = Debug;
		};
		AEAF1E211B35047E0035AD28 /* Release */ = {
			isa = XCBuildConfiguration;
			buildSettings = {
				BUNDLE_LOADER = "$(TEST_HOST)";
				FRAMEWORK_SEARCH_PATHS = (
					"$(SDKROOT)/Developer/Library/Frameworks",
					"$(inherited)",
				);
				INFOPLIST_FILE = Checktrend3Tests/Info.plist;
				LD_RUNPATH_SEARCH_PATHS = "$(inherited) @executable_path/Frameworks @loader_path/Frameworks";
				PRODUCT_NAME = "$(TARGET_NAME)";
				TEST_HOST = "$(BUILT_PRODUCTS_DIR)/Checktrend3.app/Checktrend3";
			};
			name = Release;
		};
/* End XCBuildConfiguration section */

/* Begin XCConfigurationList section */
		AEAF1DF61B3504760035AD28 /* Build configuration list for PBXProject "Checktrend3" */ = {
			isa = XCConfigurationList;
			buildConfigurations = (
				AEAF1E1A1B35047E0035AD28 /* Debug */,
				AEAF1E1B1B35047E0035AD28 /* Release */,
			);
			defaultConfigurationIsVisible = 0;
			defaultConfigurationName = Release;
		};
		AEAF1E1C1B35047E0035AD28 /* Build configuration list for PBXNativeTarget "Checktrend3" */ = {
			isa = XCConfigurationList;
			buildConfigurations = (
				AEAF1E1D1B35047E0035AD28 /* Debug */,
				AEAF1E1E1B35047E0035AD28 /* Release */,
			);
			defaultConfigurationIsVisible = 0;
			defaultConfigurationName = Release;
		};
		AEAF1E1F1B35047E0035AD28 /* Build configuration list for PBXNativeTarget "Checktrend3Tests" */ = {
			isa = XCConfigurationList;
			buildConfigurations = (
				AEAF1E201B35047E0035AD28 /* Debug */,
				AEAF1E211B35047E0035AD28 /* Release */,
			);
			defaultConfigurationIsVisible = 0;
			defaultConfigurationName = Release;
		};
/* End XCConfigurationList section */
	};
	rootObject = AEAF1DF31B3504760035AD28 /* Project object */;
}
